{
  "name": "unarchiver",
  "version": "1.0.0",
  "lockfileVersion": 1,
  "requires": true,
  "dependencies": {
    "@sonicoriginalsoftware/jester": {
      "version": "0.2.6",
      "resolved": "https://registry.npmjs.org/@sonicoriginalsoftware/jester/-/jester-0.2.6.tgz",
      "integrity": "sha512-dIxdnuQ6bcVBcyGzWUv0u/m/UXodD7WkMPBOg1giyT1FSeS9RP8JYjPRNu3IdA+eN1oHRVhKmvlLouDM4OnS6w==",
      "dev": true
    },
    "@types/node": {
      "version": "14.14.11",
      "resolved": "https://registry.npmjs.org/@types/node/-/node-14.14.11.tgz",
      "integrity": "sha512-BJ97wAUuU3NUiUCp44xzUFquQEvnk1wu7q4CMEUYKJWjdkr0YWYDsm4RFtAvxYsNjLsKcrFt6RvK8r+mnzMbEQ==",
      "dev": true
    }
  }
}
